
Microsoft Visual Studio Solution File, Format Version 12.00
# Visual Studio 2012
Project("{FAE04EC0-301F-11D3-BF4B-00C04F79EFBC}") = "calcTestApp", "calcTestApp\calcTestApp.csproj", "{39C36F6A-C691-415E-B3F6-68D8555B337F}"
EndProject
Project("{FAE04EC0-301F-11D3-BF4B-00C04F79EFBC}") = "calcTestApp.iOS", "iOS\calcTestApp.iOS.csproj", "{32D35B96-8694-4788-8029-9FB76BB0B613}"
EndProject
Project("{FAE04EC0-301F-11D3-BF4B-00C04F79EFBC}") = "calcTestApp.Droid", "Droid\calcTestApp.Droid.csproj", "{78C918F3-00A1-4E72-8777-3E6798DF1D66}"
EndProject
Global
	GlobalSection(SolutionConfigurationPlatforms) = preSolution
		Debug|Any CPU = Debug|Any CPU
		Release|Any CPU = Release|Any CPU
		Debug|iPhoneSimulator = Debug|iPhoneSimulator
		Release|iPhone = Release|iPhone
		Release|iPhoneSimulator = Release|iPhoneSimulator
		Debug|iPhone = Debug|iPhone
	EndGlobalSection
	GlobalSection(ProjectConfigurationPlatforms) = postSolution
		{39C36F6A-C691-415E-B3F6-68D8555B337F}.Debug|Any CPU.ActiveCfg = Debug|Any CPU
		{39C36F6A-C691-415E-B3F6-68D8555B337F}.Debug|Any CPU.Build.0 = Debug|Any CPU
		{39C36F6A-C691-415E-B3F6-68D8555B337F}.Release|Any CPU.ActiveCfg = Release|Any CPU
		{39C36F6A-C691-415E-B3F6-68D8555B337F}.Release|Any CPU.Build.0 = Release|Any CPU
		{39C36F6A-C691-415E-B3F6-68D8555B337F}.Debug|iPhoneSimulator.ActiveCfg = Debug|Any CPU
		{39C36F6A-C691-415E-B3F6-68D8555B337F}.Debug|iPhoneSimulator.Build.0 = Debug|Any CPU
		{39C36F6A-C691-415E-B3F6-68D8555B337F}.Release|iPhone.ActiveCfg = Release|Any CPU
		{39C36F6A-C691-415E-B3F6-68D8555B337F}.Release|iPhone.Build.0 = Release|Any CPU
		{39C36F6A-C691-415E-B3F6-68D8555B337F}.Release|iPhoneSimulator.ActiveCfg = Release|Any CPU
		{39C36F6A-C691-415E-B3F6-68D8555B337F}.Release|iPhoneSimulator.Build.0 = Release|Any CPU
		{39C36F6A-C691-415E-B3F6-68D8555B337F}.Debug|iPhone.ActiveCfg = Debug|Any CPU
		{39C36F6A-C691-415E-B3F6-68D8555B337F}.Debug|iPhone.Build.0 = Debug|Any CPU
		{32D35B96-8694-4788-8029-9FB76BB0B613}.Debug|Any CPU.ActiveCfg = Debug|iPhoneSimulator
		{32D35B96-8694-4788-8029-9FB76BB0B613}.Debug|Any CPU.Build.0 = Debug|iPhoneSimulator
		{32D35B96-8694-4788-8029-9FB76BB0B613}.Release|Any CPU.ActiveCfg = Release|iPhone
		{32D35B96-8694-4788-8029-9FB76BB0B613}.Release|Any CPU.Build.0 = Release|iPhone
		{32D35B96-8694-4788-8029-9FB76BB0B613}.Debug|iPhoneSimulator.ActiveCfg = Debug|iPhoneSimulator
		{32D35B96-8694-4788-8029-9FB76BB0B613}.Debug|iPhoneSimulator.Build.0 = Debug|iPhoneSimulator
		{32D35B96-8694-4788-8029-9FB76BB0B613}.Release|iPhone.ActiveCfg = Release|iPhone
		{32D35B96-8694-4788-8029-9FB76BB0B613}.Release|iPhone.Build.0 = Release|iPhone
		{32D35B96-8694-4788-8029-9FB76BB0B613}.Release|iPhoneSimulator.ActiveCfg = Release|iPhoneSimulator
		{32D35B96-8694-4788-8029-9FB76BB0B613}.Release|iPhoneSimulator.Build.0 = Release|iPhoneSimulator
		{32D35B96-8694-4788-8029-9FB76BB0B613}.Debug|iPhone.ActiveCfg = Debug|iPhone
		{32D35B96-8694-4788-8029-9FB76BB0B613}.Debug|iPhone.Build.0 = Debug|iPhone
		{78C918F3-00A1-4E72-8777-3E6798DF1D66}.Debug|Any CPU.ActiveCfg = Debug|Any CPU
		{78C918F3-00A1-4E72-8777-3E6798DF1D66}.Debug|Any CPU.Build.0 = Debug|Any CPU
		{78C918F3-00A1-4E72-8777-3E6798DF1D66}.Release|Any CPU.ActiveCfg = Release|Any CPU
		{78C918F3-00A1-4E72-8777-3E6798DF1D66}.Release|Any CPU.Build.0 = Release|Any CPU
		{78C918F3-00A1-4E72-8777-3E6798DF1D66}.Debug|iPhoneSimulator.ActiveCfg = Debug|Any CPU
		{78C918F3-00A1-4E72-8777-3E6798DF1D66}.Debug|iPhoneSimulator.Build.0 = Debug|Any CPU
		{78C918F3-00A1-4E72-8777-3E6798DF1D66}.Release|iPhone.ActiveCfg = Release|Any CPU
		{78C918F3-00A1-4E72-8777-3E6798DF1D66}.Release|iPhone.Build.0 = Release|Any CPU
		{78C918F3-00A1-4E72-8777-3E6798DF1D66}.Release|iPhoneSimulator.ActiveCfg = Release|Any CPU
		{78C918F3-00A1-4E72-8777-3E6798DF1D66}.Release|iPhoneSimulator.Build.0 = Release|Any CPU
		{78C918F3-00A1-4E72-8777-3E6798DF1D66}.Debug|iPhone.ActiveCfg = Debug|Any CPU
		{78C918F3-00A1-4E72-8777-3E6798DF1D66}.Debug|iPhone.Build.0 = Debug|Any CPU
	EndGlobalSection
EndGlobal
